
Microsoft Visual Studio Solution File, Format Version 12.00
# Visual Studio Version 17
VisualStudioVersion = 17.14.36616.10 d17.14
MinimumVisualStudioVersion = 10.0.40219.1
Project("{8BC9CEB8-8B4A-11D0-8D11-00A0C91BC942}") = "Lab4", "Lab4\Lab4.vcxproj", "{7BD3B3ED-6265-4EB1-92BC-69D1618E93CE}"
EndProject
Global
	GlobalSection(SolutionConfigurationPlatforms) = preSolution
		Debug|x64 = Debug|x64
		Debug|x86 = Debug|x86
		Release|x64 = Release|x64
		Release|x86 = Release|x86
	EndGlobalSection
	GlobalSection(ProjectConfigurationPlatforms) = postSolution
		{7BD3B3ED-6265-4EB1-92BC-69D1618E93CE}.Debug|x64.ActiveCfg = Debug|x64
		{7BD3B3ED-6265-4EB1-92BC-69D1618E93CE}.Debug|x64.Build.0 = Debug|x64
		{7BD3B3ED-6265-4EB1-92BC-69D1618E93CE}.Debug|x86.ActiveCfg = Debug|Win32
		{7BD3B3ED-6265-4EB1-92BC-69D1618E93CE}.Debug|x86.Build.0 = Debug|Win32
		{7BD3B3ED-6265-4EB1-92BC-69D1618E93CE}.Release|x64.ActiveCfg = Release|x64
		{7BD3B3ED-6265-4EB1-92BC-69D1618E93CE}.Release|x64.Build.0 = Release|x64
		{7BD3B3ED-6265-4EB1-92BC-69D1618E93CE}.Release|x86.ActiveCfg = Release|Win32
		{7BD3B3ED-6265-4EB1-92BC-69D1618E93CE}.Release|x86.Build.0 = Release|Win32
	EndGlobalSection
	GlobalSection(SolutionProperties) = preSolution
		HideSolutionNode = FALSE
	EndGlobalSection
	GlobalSection(ExtensibilityGlobals) = postSolution
		SolutionGuid = {7D456771-30B0-452B-B924-B118534E257C}
	EndGlobalSection
EndGlobal
