
Microsoft Visual Studio Solution File, Format Version 12.00
# Visual Studio Version 17
VisualStudioVersion = 17.9.34622.214
MinimumVisualStudioVersion = 10.0.40219.1
Project("{FAE04EC0-301F-11D3-BF4B-00C04F79EFBC}") = "Lab 6", "Lab 6.csproj", "{3EDF34FF-5F68-4196-A963-16392B4430FC}"
EndProject
Project("{FAE04EC0-301F-11D3-BF4B-00C04F79EFBC}") = "ClassLibrary", "ClassLibrary\ClassLibrary.csproj", "{D6ABFA75-1A9B-4473-BED6-833F5CCD4E31}"
	ProjectSection(ProjectDependencies) = postProject
		{3EDF34FF-5F68-4196-A963-16392B4430FC} = {3EDF34FF-5F68-4196-A963-16392B4430FC}
	EndProjectSection
EndProject
Global
	GlobalSection(SolutionConfigurationPlatforms) = preSolution
		Debug|Any CPU = Debug|Any CPU
		Release|Any CPU = Release|Any CPU
	EndGlobalSection
	GlobalSection(ProjectConfigurationPlatforms) = postSolution
		{3EDF34FF-5F68-4196-A963-16392B4430FC}.Debug|Any CPU.ActiveCfg = Debug|Any CPU
		{3EDF34FF-5F68-4196-A963-16392B4430FC}.Debug|Any CPU.Build.0 = Debug|Any CPU
		{3EDF34FF-5F68-4196-A963-16392B4430FC}.Release|Any CPU.ActiveCfg = Release|Any CPU
		{3EDF34FF-5F68-4196-A963-16392B4430FC}.Release|Any CPU.Build.0 = Release|Any CPU
		{D6ABFA75-1A9B-4473-BED6-833F5CCD4E31}.Debug|Any CPU.ActiveCfg = Debug|Any CPU
		{D6ABFA75-1A9B-4473-BED6-833F5CCD4E31}.Debug|Any CPU.Build.0 = Debug|Any CPU
		{D6ABFA75-1A9B-4473-BED6-833F5CCD4E31}.Release|Any CPU.ActiveCfg = Release|Any CPU
		{D6ABFA75-1A9B-4473-BED6-833F5CCD4E31}.Release|Any CPU.Build.0 = Release|Any CPU
	EndGlobalSection
	GlobalSection(SolutionProperties) = preSolution
		HideSolutionNode = FALSE
	EndGlobalSection
	GlobalSection(ExtensibilityGlobals) = postSolution
		SolutionGuid = {BCB57E37-A725-4DCF-B2BE-AC19BAA79E4E}
	EndGlobalSection
EndGlobal
