
Microsoft Visual Studio Solution File, Format Version 12.00
# Visual Studio Version 17
VisualStudioVersion = 17.9.34622.214
MinimumVisualStudioVersion = 10.0.40219.1
Project("{FAE04EC0-301F-11D3-BF4B-00C04F79EFBC}") = "353504_Levshukov_Lab5", "353504_Levshukov_Lab5.csproj", "{285DAFD5-4619-4A9E-AE46-6AC47D3186BE}"
EndProject
Global
	GlobalSection(SolutionConfigurationPlatforms) = preSolution
		Debug|Any CPU = Debug|Any CPU
		Release|Any CPU = Release|Any CPU
	EndGlobalSection
	GlobalSection(ProjectConfigurationPlatforms) = postSolution
		{285DAFD5-4619-4A9E-AE46-6AC47D3186BE}.Debug|Any CPU.ActiveCfg = Debug|Any CPU
		{285DAFD5-4619-4A9E-AE46-6AC47D3186BE}.Debug|Any CPU.Build.0 = Debug|Any CPU
		{285DAFD5-4619-4A9E-AE46-6AC47D3186BE}.Release|Any CPU.ActiveCfg = Release|Any CPU
		{285DAFD5-4619-4A9E-AE46-6AC47D3186BE}.Release|Any CPU.Build.0 = Release|Any CPU
	EndGlobalSection
	GlobalSection(SolutionProperties) = preSolution
		HideSolutionNode = FALSE
	EndGlobalSection
	GlobalSection(ExtensibilityGlobals) = postSolution
		SolutionGuid = {05558EFC-2AEE-4484-A029-208B2F5E632D}
	EndGlobalSection
EndGlobal
